// !$*UTF8*$!
{
	archiveVersion = 1;
	classes = {
	};
	objectVersion = 55;
	objects = {

/* Begin PBXBuildFile section */
		1132647727BC73CD00723E79 /* SpringAnimation.swift in Sources */ = {isa = PBXBuildFile; fileRef = 1132647627BC73CD00723E79 /* SpringAnimation.swift */; };
		1132647927BC7FA900723E79 /* CoreCoordinator.swift in Sources */ = {isa = PBXBuildFile; fileRef = 1132647827BC7FA900723E79 /* CoreCoordinator.swift */; };
		1132647B27BC80B500723E79 /* HomeCoordinator.swift in Sources */ = {isa = PBXBuildFile; fileRef = 1132647A27BC80B500723E79 /* HomeCoordinator.swift */; };
		1132647F27BC961200723E79 /* HomeViewModel.swift in Sources */ = {isa = PBXBuildFile; fileRef = 1132647E27BC961200723E79 /* HomeViewModel.swift */; };
		1132648227BC980500723E79 /* LoginViewScreen.swift in Sources */ = {isa = PBXBuildFile; fileRef = 1132648127BC980500723E79 /* LoginViewScreen.swift */; };
		1132648427BC981000723E79 /* LoginViewController.swift in Sources */ = {isa = PBXBuildFile; fileRef = 1132648327BC981000723E79 /* LoginViewController.swift */; };
		1132648727BC982300723E79 /* LoginCoordinator.swift in Sources */ = {isa = PBXBuildFile; fileRef = 1132648627BC982300723E79 /* LoginCoordinator.swift */; };
		1132648C27BC9E4C00723E79 /* SFPro.ttf in Resources */ = {isa = PBXBuildFile; fileRef = 1132648B27BC9E4800723E79 /* SFPro.ttf */; };
		1132648E27BC9FAB00723E79 /* UIFont+Extension.swift in Sources */ = {isa = PBXBuildFile; fileRef = 1132648D27BC9FAB00723E79 /* UIFont+Extension.swift */; };
		1161A19F27BB34EC00020489 /* UIColor+Extension.swift in Sources */ = {isa = PBXBuildFile; fileRef = 1161A19E27BB34EC00020489 /* UIColor+Extension.swift */; };
		116C7CFB27ACB60100385556 /* AppDelegate.swift in Sources */ = {isa = PBXBuildFile; fileRef = 116C7CFA27ACB60100385556 /* AppDelegate.swift */; };
		116C7CFD27ACB60100385556 /* SceneDelegate.swift in Sources */ = {isa = PBXBuildFile; fileRef = 116C7CFC27ACB60100385556 /* SceneDelegate.swift */; };
		116C7CFF27ACB60100385556 /* HomeViewController.swift in Sources */ = {isa = PBXBuildFile; fileRef = 116C7CFE27ACB60100385556 /* HomeViewController.swift */; };
		116C7D0427ACB60300385556 /* Assets.xcassets in Resources */ = {isa = PBXBuildFile; fileRef = 116C7D0327ACB60300385556 /* Assets.xcassets */; };
		116C7D0727ACB60300385556 /* LaunchScreen.storyboard in Resources */ = {isa = PBXBuildFile; fileRef = 116C7D0527ACB60300385556 /* LaunchScreen.storyboard */; };
		116C7D1527ACBB1F00385556 /* BaseViewController.swift in Sources */ = {isa = PBXBuildFile; fileRef = 116C7D1427ACBB1F00385556 /* BaseViewController.swift */; };
		116C7D1727ACBBC000385556 /* HomeViewScreen.swift in Sources */ = {isa = PBXBuildFile; fileRef = 116C7D1627ACBBC000385556 /* HomeViewScreen.swift */; };
		116C7D1927ACBCC400385556 /* CodeView.swift in Sources */ = {isa = PBXBuildFile; fileRef = 116C7D1827ACBCC400385556 /* CodeView.swift */; };
		11D271C327B03BD400A10821 /* BaseUIView.swift in Sources */ = {isa = PBXBuildFile; fileRef = 11D271C227B03BD300A10821 /* BaseUIView.swift */; };
		3EA99843DB74A27BC89194B6 /* Pods_BankingApp.framework in Frameworks */ = {isa = PBXBuildFile; fileRef = 92FE001FA7A891981E8AFFD7 /* Pods_BankingApp.framework */; };
/* End PBXBuildFile section */

/* Begin PBXFileReference section */
		1132647627BC73CD00723E79 /* SpringAnimation.swift */ = {isa = PBXFileReference; lastKnownFileType = sourcecode.swift; path = SpringAnimation.swift; sourceTree = "<group>"; };
		1132647827BC7FA900723E79 /* CoreCoordinator.swift */ = {isa = PBXFileReference; lastKnownFileType = sourcecode.swift; path = CoreCoordinator.swift; sourceTree = "<group>"; };
		1132647A27BC80B500723E79 /* HomeCoordinator.swift */ = {isa = PBXFileReference; lastKnownFileType = sourcecode.swift; path = HomeCoordinator.swift; sourceTree = "<group>"; };
		1132647E27BC961200723E79 /* HomeViewModel.swift */ = {isa = PBXFileReference; lastKnownFileType = sourcecode.swift; path = HomeViewModel.swift; sourceTree = "<group>"; };
		1132648127BC980500723E79 /* LoginViewScreen.swift */ = {isa = PBXFileReference; lastKnownFileType = sourcecode.swift; path = LoginViewScreen.swift; sourceTree = "<group>"; };
		1132648327BC981000723E79 /* LoginViewController.swift */ = {isa = PBXFileReference; lastKnownFileType = sourcecode.swift; path = LoginViewController.swift; sourceTree = "<group>"; };
		1132648627BC982300723E79 /* LoginCoordinator.swift */ = {isa = PBXFileReference; lastKnownFileType = sourcecode.swift; path = LoginCoordinator.swift; sourceTree = "<group>"; };
		1132648B27BC9E4800723E79 /* SFPro.ttf */ = {isa = PBXFileReference; lastKnownFileType = file; path = SFPro.ttf; sourceTree = "<group>"; };
		1132648D27BC9FAB00723E79 /* UIFont+Extension.swift */ = {isa = PBXFileReference; lastKnownFileType = sourcecode.swift; path = "UIFont+Extension.swift"; sourceTree = "<group>"; };
		1161A19E27BB34EC00020489 /* UIColor+Extension.swift */ = {isa = PBXFileReference; lastKnownFileType = sourcecode.swift; path = "UIColor+Extension.swift"; sourceTree = "<group>"; };
		116C7CF727ACB60100385556 /* BankingApp.app */ = {isa = PBXFileReference; explicitFileType = wrapper.application; includeInIndex = 0; path = BankingApp.app; sourceTree = BUILT_PRODUCTS_DIR; };
		116C7CFA27ACB60100385556 /* AppDelegate.swift */ = {isa = PBXFileReference; lastKnownFileType = sourcecode.swift; path = AppDelegate.swift; sourceTree = "<group>"; };
		116C7CFC27ACB60100385556 /* SceneDelegate.swift */ = {isa = PBXFileReference; lastKnownFileType = sourcecode.swift; path = SceneDelegate.swift; sourceTree = "<group>"; };
		116C7CFE27ACB60100385556 /* HomeViewController.swift */ = {isa = PBXFileReference; lastKnownFileType = sourcecode.swift; path = HomeViewController.swift; sourceTree = "<group>"; };
		116C7D0327ACB60300385556 /* Assets.xcassets */ = {isa = PBXFileReference; lastKnownFileType = folder.assetcatalog; path = Assets.xcassets; sourceTree = "<group>"; };
		116C7D0627ACB60300385556 /* Base */ = {isa = PBXFileReference; lastKnownFileType = file.storyboard; name = Base; path = Base.lproj/LaunchScreen.storyboard; sourceTree = "<group>"; };
		116C7D0827ACB60300385556 /* Info.plist */ = {isa = PBXFileReference; lastKnownFileType = text.plist.xml; path = Info.plist; sourceTree = "<group>"; };
		116C7D1427ACBB1F00385556 /* BaseViewController.swift */ = {isa = PBXFileReference; lastKnownFileType = sourcecode.swift; path = BaseViewController.swift; sourceTree = "<group>"; };
		116C7D1627ACBBC000385556 /* HomeViewScreen.swift */ = {isa = PBXFileReference; lastKnownFileType = sourcecode.swift; path = HomeViewScreen.swift; sourceTree = "<group>"; };
		116C7D1827ACBCC400385556 /* CodeView.swift */ = {isa = PBXFileReference; lastKnownFileType = sourcecode.swift; path = CodeView.swift; sourceTree = "<group>"; };
		11D271C227B03BD300A10821 /* BaseUIView.swift */ = {isa = PBXFileReference; lastKnownFileType = sourcecode.swift; path = BaseUIView.swift; sourceTree = "<group>"; };
		3DE24FF660D1D61870E1F7E7 /* Pods_ViewCode_Study.framework */ = {isa = PBXFileReference; explicitFileType = wrapper.framework; includeInIndex = 0; path = Pods_ViewCode_Study.framework; sourceTree = BUILT_PRODUCTS_DIR; };
		412B50A9CF871F2E25BA16FB /* Pods-BankingApp.debug.xcconfig */ = {isa = PBXFileReference; includeInIndex = 1; lastKnownFileType = text.xcconfig; name = "Pods-BankingApp.debug.xcconfig"; path = "Target Support Files/Pods-BankingApp/Pods-BankingApp.debug.xcconfig"; sourceTree = "<group>"; };
		730FAEE32130C71ABBF931BC /* Pods-ViewCode Study.release.xcconfig */ = {isa = PBXFileReference; includeInIndex = 1; lastKnownFileType = text.xcconfig; name = "Pods-ViewCode Study.release.xcconfig"; path = "Target Support Files/Pods-ViewCode Study/Pods-ViewCode Study.release.xcconfig"; sourceTree = "<group>"; };
		73E1AD69A0A82667A928F5F5 /* Pods-BankingApp.release.xcconfig */ = {isa = PBXFileReference; includeInIndex = 1; lastKnownFileType = text.xcconfig; name = "Pods-BankingApp.release.xcconfig"; path = "Target Support Files/Pods-BankingApp/Pods-BankingApp.release.xcconfig"; sourceTree = "<group>"; };
		92FE001FA7A891981E8AFFD7 /* Pods_BankingApp.framework */ = {isa = PBXFileReference; explicitFileType = wrapper.framework; includeInIndex = 0; path = Pods_BankingApp.framework; sourceTree = BUILT_PRODUCTS_DIR; };
		DF9A59354724994D9EE1E7E8 /* Pods-ViewCode Study.debug.xcconfig */ = {isa = PBXFileReference; includeInIndex = 1; lastKnownFileType = text.xcconfig; name = "Pods-ViewCode Study.debug.xcconfig"; path = "Target Support Files/Pods-ViewCode Study/Pods-ViewCode Study.debug.xcconfig"; sourceTree = "<group>"; };
/* End PBXFileReference section */

/* Begin PBXFrameworksBuildPhase section */
		116C7CF427ACB60100385556 /* Frameworks */ = {
			isa = PBXFrameworksBuildPhase;
			buildActionMask = 2147483647;
			files = (
				3EA99843DB74A27BC89194B6 /* Pods_BankingApp.framework in Frameworks */,
			);
			runOnlyForDeploymentPostprocessing = 0;
		};
/* End PBXFrameworksBuildPhase section */

/* Begin PBXGroup section */
		1132647527BC73B900723E79 /* Animations */ = {
			isa = PBXGroup;
			children = (
				1132647627BC73CD00723E79 /* SpringAnimation.swift */,
			);
			path = Animations;
			sourceTree = "<group>";
		};
		1132647D27BC960400723E79 /* ViewModel */ = {
			isa = PBXGroup;
			children = (
				1132647E27BC961200723E79 /* HomeViewModel.swift */,
			);
			path = ViewModel;
			sourceTree = "<group>";
		};
		1132648027BC97E900723E79 /* Login */ = {
			isa = PBXGroup;
			children = (
				1132648527BC981600723E79 /* View */,
				1132648627BC982300723E79 /* LoginCoordinator.swift */,
			);
			path = Login;
			sourceTree = "<group>";
		};
		1132648527BC981600723E79 /* View */ = {
			isa = PBXGroup;
			children = (
				1132648127BC980500723E79 /* LoginViewScreen.swift */,
				1132648327BC981000723E79 /* LoginViewController.swift */,
			);
			path = View;
			sourceTree = "<group>";
		};
		1132648927BC9E1800723E79 /* Externals */ = {
			isa = PBXGroup;
			children = (
				1132648A27BC9E2500723E79 /* Fonts */,
				116C7D0327ACB60300385556 /* Assets.xcassets */,
			);
			path = Externals;
			sourceTree = "<group>";
		};
		1132648A27BC9E2500723E79 /* Fonts */ = {
			isa = PBXGroup;
			children = (
				1132648B27BC9E4800723E79 /* SFPro.ttf */,
			);
			path = Fonts;
			sourceTree = "<group>";
		};
		1161A19927BB263C00020489 /* Application */ = {
			isa = PBXGroup;
			children = (
				1132647827BC7FA900723E79 /* CoreCoordinator.swift */,
				1132648027BC97E900723E79 /* Login */,
				116C7D1127ACBACC00385556 /* Home */,
			);
			path = Application;
			sourceTree = "<group>";
		};
		1161A19C27BB2A8200020489 /* Recovered References */ = {
			isa = PBXGroup;
			children = (
				3DE24FF660D1D61870E1F7E7 /* Pods_ViewCode_Study.framework */,
			);
			name = "Recovered References";
			sourceTree = "<group>";
		};
		1161A19D27BB34DB00020489 /* Extensions */ = {
			isa = PBXGroup;
			children = (
				1161A19E27BB34EC00020489 /* UIColor+Extension.swift */,
				1132648D27BC9FAB00723E79 /* UIFont+Extension.swift */,
			);
			path = Extensions;
			sourceTree = "<group>";
		};
		116C7CEE27ACB60100385556 = {
			isa = PBXGroup;
			children = (
				116C7CF927ACB60100385556 /* ViewCode Study */,
				116C7CF827ACB60100385556 /* Products */,
				BD267E273D9037CA3DA53882 /* Pods */,
				36C0BB49C6B8352D8F833A1D /* Frameworks */,
				1161A19C27BB2A8200020489 /* Recovered References */,
			);
			sourceTree = "<group>";
		};
		116C7CF827ACB60100385556 /* Products */ = {
			isa = PBXGroup;
			children = (
				116C7CF727ACB60100385556 /* BankingApp.app */,
			);
			name = Products;
			sourceTree = "<group>";
		};
		116C7CF927ACB60100385556 /* ViewCode Study */ = {
			isa = PBXGroup;
			children = (
				1161A19927BB263C00020489 /* Application */,
				116C7D0F27ACBAA700385556 /* AppData */,
				116C7D1327ACBB0000385556 /* BaseApp */,
				116C7D0527ACB60300385556 /* LaunchScreen.storyboard */,
				116C7D0827ACB60300385556 /* Info.plist */,
				1132648927BC9E1800723E79 /* Externals */,
			);
			path = "ViewCode Study";
			sourceTree = "<group>";
		};
		116C7D0F27ACBAA700385556 /* AppData */ = {
			isa = PBXGroup;
			children = (
				116C7CFA27ACB60100385556 /* AppDelegate.swift */,
				116C7CFC27ACB60100385556 /* SceneDelegate.swift */,
			);
			path = AppData;
			sourceTree = "<group>";
		};
		116C7D1127ACBACC00385556 /* Home */ = {
			isa = PBXGroup;
			children = (
				116C7D1227ACBAD400385556 /* View */,
				1132647D27BC960400723E79 /* ViewModel */,
				1132647A27BC80B500723E79 /* HomeCoordinator.swift */,
			);
			path = Home;
			sourceTree = "<group>";
		};
		116C7D1227ACBAD400385556 /* View */ = {
			isa = PBXGroup;
			children = (
				116C7D1627ACBBC000385556 /* HomeViewScreen.swift */,
				116C7CFE27ACB60100385556 /* HomeViewController.swift */,
			);
			path = View;
			sourceTree = "<group>";
		};
		116C7D1327ACBB0000385556 /* BaseApp */ = {
			isa = PBXGroup;
			children = (
				1132647527BC73B900723E79 /* Animations */,
				1161A19D27BB34DB00020489 /* Extensions */,
				116C7D1427ACBB1F00385556 /* BaseViewController.swift */,
				116C7D1827ACBCC400385556 /* CodeView.swift */,
				11D271C227B03BD300A10821 /* BaseUIView.swift */,
			);
			path = BaseApp;
			sourceTree = "<group>";
		};
		36C0BB49C6B8352D8F833A1D /* Frameworks */ = {
			isa = PBXGroup;
			children = (
				92FE001FA7A891981E8AFFD7 /* Pods_BankingApp.framework */,
			);
			name = Frameworks;
			sourceTree = "<group>";
		};
		BD267E273D9037CA3DA53882 /* Pods */ = {
			isa = PBXGroup;
			children = (
				DF9A59354724994D9EE1E7E8 /* Pods-ViewCode Study.debug.xcconfig */,
				730FAEE32130C71ABBF931BC /* Pods-ViewCode Study.release.xcconfig */,
				412B50A9CF871F2E25BA16FB /* Pods-BankingApp.debug.xcconfig */,
				73E1AD69A0A82667A928F5F5 /* Pods-BankingApp.release.xcconfig */,
			);
			path = Pods;
			sourceTree = "<group>";
		};
/* End PBXGroup section */

/* Begin PBXNativeTarget section */
		116C7CF627ACB60100385556 /* BankingApp */ = {
			isa = PBXNativeTarget;
			buildConfigurationList = 116C7D0B27ACB60300385556 /* Build configuration list for PBXNativeTarget "BankingApp" */;
			buildPhases = (
				676330180DE4D85166EA4F8B /* [CP] Check Pods Manifest.lock */,
				116C7CF327ACB60100385556 /* Sources */,
				116C7CF427ACB60100385556 /* Frameworks */,
				116C7CF527ACB60100385556 /* Resources */,
				755AA0D5021E34DF3C2E2E37 /* [CP] Embed Pods Frameworks */,
			);
			buildRules = (
			);
			dependencies = (
			);
			name = BankingApp;
			productName = "ViewCode Study";
			productReference = 116C7CF727ACB60100385556 /* BankingApp.app */;
			productType = "com.apple.product-type.application";
		};
/* End PBXNativeTarget section */

/* Begin PBXProject section */
		116C7CEF27ACB60100385556 /* Project object */ = {
			isa = PBXProject;
			attributes = {
				BuildIndependentTargetsInParallel = 1;
				LastSwiftUpdateCheck = 1320;
				LastUpgradeCheck = 1320;
				TargetAttributes = {
					116C7CF627ACB60100385556 = {
						CreatedOnToolsVersion = 13.2.1;
					};
				};
			};
			buildConfigurationList = 116C7CF227ACB60100385556 /* Build configuration list for PBXProject "BankingApp" */;
			compatibilityVersion = "Xcode 13.0";
			developmentRegion = en;
			hasScannedForEncodings = 0;
			knownRegions = (
				en,
				Base,
			);
			mainGroup = 116C7CEE27ACB60100385556;
			productRefGroup = 116C7CF827ACB60100385556 /* Products */;
			projectDirPath = "";
			projectRoot = "";
			targets = (
				116C7CF627ACB60100385556 /* BankingApp */,
			);
		};
/* End PBXProject section */

/* Begin PBXResourcesBuildPhase section */
		116C7CF527ACB60100385556 /* Resources */ = {
			isa = PBXResourcesBuildPhase;
			buildActionMask = 2147483647;
			files = (
				1132648C27BC9E4C00723E79 /* SFPro.ttf in Resources */,
				116C7D0727ACB60300385556 /* LaunchScreen.storyboard in Resources */,
				116C7D0427ACB60300385556 /* Assets.xcassets in Resources */,
			);
			runOnlyForDeploymentPostprocessing = 0;
		};
/* End PBXResourcesBuildPhase section */

/* Begin PBXShellScriptBuildPhase section */
		676330180DE4D85166EA4F8B /* [CP] Check Pods Manifest.lock */ = {
			isa = PBXShellScriptBuildPhase;
			buildActionMask = 2147483647;
			files = (
			);
			inputFileListPaths = (
			);
			inputPaths = (
				"${PODS_PODFILE_DIR_PATH}/Podfile.lock",
				"${PODS_ROOT}/Manifest.lock",
			);
			name = "[CP] Check Pods Manifest.lock";
			outputFileListPaths = (
			);
			outputPaths = (
				"$(DERIVED_FILE_DIR)/Pods-BankingApp-checkManifestLockResult.txt",
			);
			runOnlyForDeploymentPostprocessing = 0;
			shellPath = /bin/sh;
			shellScript = "diff \"${PODS_PODFILE_DIR_PATH}/Podfile.lock\" \"${PODS_ROOT}/Manifest.lock\" > /dev/null\nif [ $? != 0 ] ; then\n    # print error to STDERR\n    echo \"error: The sandbox is not in sync with the Podfile.lock. Run 'pod install' or update your CocoaPods installation.\" >&2\n    exit 1\nfi\n# This output is used by Xcode 'outputs' to avoid re-running this script phase.\necho \"SUCCESS\" > \"${SCRIPT_OUTPUT_FILE_0}\"\n";
			showEnvVarsInLog = 0;
		};
		755AA0D5021E34DF3C2E2E37 /* [CP] Embed Pods Frameworks */ = {
			isa = PBXShellScriptBuildPhase;
			buildActionMask = 2147483647;
			files = (
			);
			inputFileListPaths = (
				"${PODS_ROOT}/Target Support Files/Pods-BankingApp/Pods-BankingApp-frameworks-${CONFIGURATION}-input-files.xcfilelist",
			);
			name = "[CP] Embed Pods Frameworks";
			outputFileListPaths = (
				"${PODS_ROOT}/Target Support Files/Pods-BankingApp/Pods-BankingApp-frameworks-${CONFIGURATION}-output-files.xcfilelist",
			);
			runOnlyForDeploymentPostprocessing = 0;
			shellPath = /bin/sh;
			shellScript = "\"${PODS_ROOT}/Target Support Files/Pods-BankingApp/Pods-BankingApp-frameworks.sh\"\n";
			showEnvVarsInLog = 0;
		};
/* End PBXShellScriptBuildPhase section */

/* Begin PBXSourcesBuildPhase section */
		116C7CF327ACB60100385556 /* Sources */ = {
			isa = PBXSourcesBuildPhase;
			buildActionMask = 2147483647;
			files = (
				1132648427BC981000723E79 /* LoginViewController.swift in Sources */,
				116C7CFF27ACB60100385556 /* HomeViewController.swift in Sources */,
				116C7D1527ACBB1F00385556 /* BaseViewController.swift in Sources */,
				11D271C327B03BD400A10821 /* BaseUIView.swift in Sources */,
				1132647727BC73CD00723E79 /* SpringAnimation.swift in Sources */,
				116C7CFB27ACB60100385556 /* AppDelegate.swift in Sources */,
				1132648227BC980500723E79 /* LoginViewScreen.swift in Sources */,
				1132647927BC7FA900723E79 /* CoreCoordinator.swift in Sources */,
				116C7D1927ACBCC400385556 /* CodeView.swift in Sources */,
				1132647F27BC961200723E79 /* HomeViewModel.swift in Sources */,
				116C7D1727ACBBC000385556 /* HomeViewScreen.swift in Sources */,
				116C7CFD27ACB60100385556 /* SceneDelegate.swift in Sources */,
				1132648727BC982300723E79 /* LoginCoordinator.swift in Sources */,
				1161A19F27BB34EC00020489 /* UIColor+Extension.swift in Sources */,
				1132648E27BC9FAB00723E79 /* UIFont+Extension.swift in Sources */,
				1132647B27BC80B500723E79 /* HomeCoordinator.swift in Sources */,
			);
			runOnlyForDeploymentPostprocessing = 0;
		};
/* End PBXSourcesBuildPhase section */

/* Begin PBXVariantGroup section */
		116C7D0527ACB60300385556 /* LaunchScreen.storyboard */ = {
			isa = PBXVariantGroup;
			children = (
				116C7D0627ACB60300385556 /* Base */,
			);
			name = LaunchScreen.storyboard;
			sourceTree = "<group>";
		};
/* End PBXVariantGroup section */

/* Begin XCBuildConfiguration section */
		116C7D0927ACB60300385556 /* Debug */ = {
			isa = XCBuildConfiguration;
			buildSettings = {
				ALWAYS_SEARCH_USER_PATHS = NO;
				CLANG_ANALYZER_NONNULL = YES;
				CLANG_ANALYZER_NUMBER_OBJECT_CONVERSION = YES_AGGRESSIVE;
				CLANG_CXX_LANGUAGE_STANDARD = "gnu++17";
				CLANG_CXX_LIBRARY = "libc++";
				CLANG_ENABLE_MODULES = YES;
				CLANG_ENABLE_OBJC_ARC = YES;
				CLANG_ENABLE_OBJC_WEAK = YES;
				CLANG_WARN_BLOCK_CAPTURE_AUTORELEASING = YES;
				CLANG_WARN_BOOL_CONVERSION = YES;
				CLANG_WARN_COMMA = YES;
				CLANG_WARN_CONSTANT_CONVERSION = YES;
				CLANG_WARN_DEPRECATED_OBJC_IMPLEMENTATIONS = YES;
				CLANG_WARN_DIRECT_OBJC_ISA_USAGE = YES_ERROR;
				CLANG_WARN_DOCUMENTATION_COMMENTS = YES;
				CLANG_WARN_EMPTY_BODY = YES;
				CLANG_WARN_ENUM_CONVERSION = YES;
				CLANG_WARN_INFINITE_RECURSION = YES;
				CLANG_WARN_INT_CONVERSION = YES;
				CLANG_WARN_NON_LITERAL_NULL_CONVERSION = YES;
				CLANG_WARN_OBJC_IMPLICIT_RETAIN_SELF = YES;
				CLANG_WARN_OBJC_LITERAL_CONVERSION = YES;
				CLANG_WARN_OBJC_ROOT_CLASS = YES_ERROR;
				CLANG_WARN_QUOTED_INCLUDE_IN_FRAMEWORK_HEADER = YES;
				CLANG_WARN_RANGE_LOOP_ANALYSIS = YES;
				CLANG_WARN_STRICT_PROTOTYPES = YES;
				CLANG_WARN_SUSPICIOUS_MOVE = YES;
				CLANG_WARN_UNGUARDED_AVAILABILITY = YES_AGGRESSIVE;
				CLANG_WARN_UNREACHABLE_CODE = YES;
				CLANG_WARN__DUPLICATE_METHOD_MATCH = YES;
				COPY_PHASE_STRIP = NO;
				DEBUG_INFORMATION_FORMAT = dwarf;
				ENABLE_STRICT_OBJC_MSGSEND = YES;
				ENABLE_TESTABILITY = YES;
				GCC_C_LANGUAGE_STANDARD = gnu11;
				GCC_DYNAMIC_NO_PIC = NO;
				GCC_NO_COMMON_BLOCKS = YES;
				GCC_OPTIMIZATION_LEVEL = 0;
				GCC_PREPROCESSOR_DEFINITIONS = (
					"DEBUG=1",
					"$(inherited)",
				);
				GCC_WARN_64_TO_32_BIT_CONVERSION = YES;
				GCC_WARN_ABOUT_RETURN_TYPE = YES_ERROR;
				GCC_WARN_UNDECLARED_SELECTOR = YES;
				GCC_WARN_UNINITIALIZED_AUTOS = YES_AGGRESSIVE;
				GCC_WARN_UNUSED_FUNCTION = YES;
				GCC_WARN_UNUSED_VARIABLE = YES;
				IPHONEOS_DEPLOYMENT_TARGET = 15.2;
				MTL_ENABLE_DEBUG_INFO = INCLUDE_SOURCE;
				MTL_FAST_MATH = YES;
				ONLY_ACTIVE_ARCH = YES;
				SDKROOT = iphoneos;
				SWIFT_ACTIVE_COMPILATION_CONDITIONS = DEBUG;
				SWIFT_OPTIMIZATION_LEVEL = "-Onone";
				VALIDATE_WORKSPACE = YES;
			};
			name = Debug;
		};
		116C7D0A27ACB60300385556 /* Release */ = {
			isa = XCBuildConfiguration;
			buildSettings = {
				ALWAYS_SEARCH_USER_PATHS = NO;
				CLANG_ANALYZER_NONNULL = YES;
				CLANG_ANALYZER_NUMBER_OBJECT_CONVERSION = YES_AGGRESSIVE;
				CLANG_CXX_LANGUAGE_STANDARD = "gnu++17";
				CLANG_CXX_LIBRARY = "libc++";
				CLANG_ENABLE_MODULES = YES;
				CLANG_ENABLE_OBJC_ARC = YES;
				CLANG_ENABLE_OBJC_WEAK = YES;
				CLANG_WARN_BLOCK_CAPTURE_AUTORELEASING = YES;
				CLANG_WARN_BOOL_CONVERSION = YES;
				CLANG_WARN_COMMA = YES;
				CLANG_WARN_CONSTANT_CONVERSION = YES;
				CLANG_WARN_DEPRECATED_OBJC_IMPLEMENTATIONS = YES;
				CLANG_WARN_DIRECT_OBJC_ISA_USAGE = YES_ERROR;
				CLANG_WARN_DOCUMENTATION_COMMENTS = YES;
				CLANG_WARN_EMPTY_BODY = YES;
				CLANG_WARN_ENUM_CONVERSION = YES;
				CLANG_WARN_INFINITE_RECURSION = YES;
				CLANG_WARN_INT_CONVERSION = YES;
				CLANG_WARN_NON_LITERAL_NULL_CONVERSION = YES;
				CLANG_WARN_OBJC_IMPLICIT_RETAIN_SELF = YES;
				CLANG_WARN_OBJC_LITERAL_CONVERSION = YES;
				CLANG_WARN_OBJC_ROOT_CLASS = YES_ERROR;
				CLANG_WARN_QUOTED_INCLUDE_IN_FRAMEWORK_HEADER = YES;
				CLANG_WARN_RANGE_LOOP_ANALYSIS = YES;
				CLANG_WARN_STRICT_PROTOTYPES = YES;
				CLANG_WARN_SUSPICIOUS_MOVE = YES;
				CLANG_WARN_UNGUARDED_AVAILABILITY = YES_AGGRESSIVE;
				CLANG_WARN_UNREACHABLE_CODE = YES;
				CLANG_WARN__DUPLICATE_METHOD_MATCH = YES;
				COPY_PHASE_STRIP = NO;
				DEBUG_INFORMATION_FORMAT = "dwarf-with-dsym";
				ENABLE_NS_ASSERTIONS = NO;
				ENABLE_STRICT_OBJC_MSGSEND = YES;
				GCC_C_LANGUAGE_STANDARD = gnu11;
				GCC_NO_COMMON_BLOCKS = YES;
				GCC_WARN_64_TO_32_BIT_CONVERSION = YES;
				GCC_WARN_ABOUT_RETURN_TYPE = YES_ERROR;
				GCC_WARN_UNDECLARED_SELECTOR = YES;
				GCC_WARN_UNINITIALIZED_AUTOS = YES_AGGRESSIVE;
				GCC_WARN_UNUSED_FUNCTION = YES;
				GCC_WARN_UNUSED_VARIABLE = YES;
				IPHONEOS_DEPLOYMENT_TARGET = 15.2;
				MTL_ENABLE_DEBUG_INFO = NO;
				MTL_FAST_MATH = YES;
				SDKROOT = iphoneos;
				SWIFT_COMPILATION_MODE = wholemodule;
				SWIFT_OPTIMIZATION_LEVEL = "-O";
				VALIDATE_PRODUCT = YES;
				VALIDATE_WORKSPACE = YES;
			};
			name = Release;
		};
		116C7D0C27ACB60300385556 /* Debug */ = {
			isa = XCBuildConfiguration;
			baseConfigurationReference = 412B50A9CF871F2E25BA16FB /* Pods-BankingApp.debug.xcconfig */;
			buildSettings = {
				ASSETCATALOG_COMPILER_APPICON_NAME = AppIcon;
				ASSETCATALOG_COMPILER_GLOBAL_ACCENT_COLOR_NAME = AccentColor;
				CODE_SIGN_STYLE = Automatic;
				CURRENT_PROJECT_VERSION = 1;
				DEVELOPMENT_TEAM = 8SM9A2F6Y9;
				"EXCLUDED_ARCHS[sdk=iphonesimulator*]" = "";
				GENERATE_INFOPLIST_FILE = YES;
				INFOPLIST_FILE = "ViewCode Study/Info.plist";
				INFOPLIST_KEY_UIApplicationSupportsIndirectInputEvents = YES;
				INFOPLIST_KEY_UILaunchStoryboardName = LaunchScreen;
				INFOPLIST_KEY_UISupportedInterfaceOrientations_iPad = "UIInterfaceOrientationPortrait UIInterfaceOrientationPortraitUpsideDown UIInterfaceOrientationLandscapeLeft UIInterfaceOrientationLandscapeRight";
				INFOPLIST_KEY_UISupportedInterfaceOrientations_iPhone = "UIInterfaceOrientationPortrait UIInterfaceOrientationLandscapeLeft UIInterfaceOrientationLandscapeRight";
				IPHONEOS_DEPLOYMENT_TARGET = 12.0;
				LD_RUNPATH_SEARCH_PATHS = (
					"$(inherited)",
					"@executable_path/Frameworks",
				);
				MARKETING_VERSION = 1.0;
				PRODUCT_BUNDLE_IDENTIFIER = "br.com.guisantos.ViewCode-Study";
				PRODUCT_NAME = "$(TARGET_NAME)";
				SWIFT_EMIT_LOC_STRINGS = YES;
				SWIFT_VERSION = 5.0;
				TARGETED_DEVICE_FAMILY = 1;
			};
			name = Debug;
		};
		116C7D0D27ACB60300385556 /* Release */ = {
			isa = XCBuildConfiguration;
			baseConfigurationReference = 73E1AD69A0A82667A928F5F5 /* Pods-BankingApp.release.xcconfig */;
			buildSettings = {
				ASSETCATALOG_COMPILER_APPICON_NAME = AppIcon;
				ASSETCATALOG_COMPILER_GLOBAL_ACCENT_COLOR_NAME = AccentColor;
				CODE_SIGN_STYLE = Automatic;
				CURRENT_PROJECT_VERSION = 1;
				DEVELOPMENT_TEAM = 8SM9A2F6Y9;
				"EXCLUDED_ARCHS[sdk=iphonesimulator*]" = "";
				GENERATE_INFOPLIST_FILE = YES;
				INFOPLIST_FILE = "ViewCode Study/Info.plist";
				INFOPLIST_KEY_UIApplicationSupportsIndirectInputEvents = YES;
				INFOPLIST_KEY_UILaunchStoryboardName = LaunchScreen;
				INFOPLIST_KEY_UISupportedInterfaceOrientations_iPad = "UIInterfaceOrientationPortrait UIInterfaceOrientationPortraitUpsideDown UIInterfaceOrientationLandscapeLeft UIInterfaceOrientationLandscapeRight";
				INFOPLIST_KEY_UISupportedInterfaceOrientations_iPhone = "UIInterfaceOrientationPortrait UIInterfaceOrientationLandscapeLeft UIInterfaceOrientationLandscapeRight";
				IPHONEOS_DEPLOYMENT_TARGET = 12.0;
				LD_RUNPATH_SEARCH_PATHS = (
					"$(inherited)",
					"@executable_path/Frameworks",
				);
				MARKETING_VERSION = 1.0;
				PRODUCT_BUNDLE_IDENTIFIER = "br.com.guisantos.ViewCode-Study";
				PRODUCT_NAME = "$(TARGET_NAME)";
				SWIFT_EMIT_LOC_STRINGS = YES;
				SWIFT_VERSION = 5.0;
				TARGETED_DEVICE_FAMILY = 1;
			};
			name = Release;
		};
/* End XCBuildConfiguration section */

/* Begin XCConfigurationList section */
		116C7CF227ACB60100385556 /* Build configuration list for PBXProject "BankingApp" */ = {
			isa = XCConfigurationList;
			buildConfigurations = (
				116C7D0927ACB60300385556 /* Debug */,
				116C7D0A27ACB60300385556 /* Release */,
			);
			defaultConfigurationIsVisible = 0;
			defaultConfigurationName = Release;
		};
		116C7D0B27ACB60300385556 /* Build configuration list for PBXNativeTarget "BankingApp" */ = {
			isa = XCConfigurationList;
			buildConfigurations = (
				116C7D0C27ACB60300385556 /* Debug */,
				116C7D0D27ACB60300385556 /* Release */,
			);
			defaultConfigurationIsVisible = 0;
			defaultConfigurationName = Release;
		};
/* End XCConfigurationList section */
	};
	rootObject = 116C7CEF27ACB60100385556 /* Project object */;
}
